
Microsoft Visual Studio Solution File, Format Version 12.00
# Visual Studio 15
VisualStudioVersion = 15.0.28010.2036
MinimumVisualStudioVersion = 10.0.40219.1
Project("{FAE04EC0-301F-11D3-BF4B-00C04F79EFBC}") = "MID2VPiano", "Midi2KBOut\MID2VPiano.csproj", "{EC1C0F8B-C405-4102-86D4-17DCCDC4EA39}"
EndProject
Global
	GlobalSection(SolutionConfigurationPlatforms) = preSolution
		Debug|Any CPU = Debug|Any CPU
		Release|Any CPU = Release|Any CPU
	EndGlobalSection
	GlobalSection(ProjectConfigurationPlatforms) = postSolution
		{EC1C0F8B-C405-4102-86D4-17DCCDC4EA39}.Debug|Any CPU.ActiveCfg = Debug|Any CPU
		{EC1C0F8B-C405-4102-86D4-17DCCDC4EA39}.Debug|Any CPU.Build.0 = Debug|Any CPU
		{EC1C0F8B-C405-4102-86D4-17DCCDC4EA39}.Release|Any CPU.ActiveCfg = Release|Any CPU
		{EC1C0F8B-C405-4102-86D4-17DCCDC4EA39}.Release|Any CPU.Build.0 = Release|Any CPU
	EndGlobalSection
	GlobalSection(SolutionProperties) = preSolution
		HideSolutionNode = FALSE
	EndGlobalSection
	GlobalSection(ExtensibilityGlobals) = postSolution
		SolutionGuid = {935C09E3-4054-4D3D-A6AB-0FBE06ECF84F}
	EndGlobalSection
EndGlobal
